
Microsoft Visual Studio Solution File, Format Version 12.00
# Visual Studio Version 16
VisualStudioVersion = 16.0.29911.84
MinimumVisualStudioVersion = 10.0.40219.1
Project("{9A19103F-16F7-4668-BE54-9A1E7A4F7556}") = "SoccerTeamsRanking", "SoccerTeamsRanking\SoccerTeamsRanking.csproj", "{87B60FFD-3523-44B5-8448-1303FC78CC04}"
EndProject
Project("{FAE04EC0-301F-11D3-BF4B-00C04F79EFBC}") = "SoccerTeamsRanking.Tests", "SoccerTeamsRanking.Tests\SoccerTeamsRanking.Tests.csproj", "{7389ECE5-F712-4CF0-A06B-F090AB43B1B4}"
EndProject
Global
	GlobalSection(SolutionConfigurationPlatforms) = preSolution
		Debug|Any CPU = Debug|Any CPU
		Release|Any CPU = Release|Any CPU
	EndGlobalSection
	GlobalSection(ProjectConfigurationPlatforms) = postSolution
		{87B60FFD-3523-44B5-8448-1303FC78CC04}.Debug|Any CPU.ActiveCfg = Debug|Any CPU
		{87B60FFD-3523-44B5-8448-1303FC78CC04}.Debug|Any CPU.Build.0 = Debug|Any CPU
		{87B60FFD-3523-44B5-8448-1303FC78CC04}.Release|Any CPU.ActiveCfg = Release|Any CPU
		{87B60FFD-3523-44B5-8448-1303FC78CC04}.Release|Any CPU.Build.0 = Release|Any CPU
		{7389ECE5-F712-4CF0-A06B-F090AB43B1B4}.Debug|Any CPU.ActiveCfg = Debug|Any CPU
		{7389ECE5-F712-4CF0-A06B-F090AB43B1B4}.Debug|Any CPU.Build.0 = Debug|Any CPU
		{7389ECE5-F712-4CF0-A06B-F090AB43B1B4}.Release|Any CPU.ActiveCfg = Release|Any CPU
		{7389ECE5-F712-4CF0-A06B-F090AB43B1B4}.Release|Any CPU.Build.0 = Release|Any CPU
	EndGlobalSection
	GlobalSection(SolutionProperties) = preSolution
		HideSolutionNode = FALSE
	EndGlobalSection
	GlobalSection(ExtensibilityGlobals) = postSolution
		SolutionGuid = {19E8BA6D-7AE7-48CF-9F3B-CFA5337313D2}
	EndGlobalSection
EndGlobal
